
Microsoft Visual Studio Solution File, Format Version 12.00
# Visual Studio Version 16
VisualStudioVersion = 16.0.31205.134
MinimumVisualStudioVersion = 10.0.40219.1
Project("{FAE04EC0-301F-11D3-BF4B-00C04F79EFBC}") = "Lab1_Ex1", "Lab1_Ex1\Lab1_Ex1.csproj", "{BDBA2A7B-BA0B-47C0-BCB3-72D7FD0A637B}"
EndProject
Project("{9A19103F-16F7-4668-BE54-9A1E7A4F7556}") = "Lab1_Ex2", "Lab1_Ex2\Lab1_Ex2.csproj", "{1830B311-7F6D-4FB1-862D-252558F32C16}"
EndProject
Project("{FAE04EC0-301F-11D3-BF4B-00C04F79EFBC}") = "Lab1_Ex4", "Lab1_Ex4\Lab1_Ex4.csproj", "{FB7E968A-23E0-48D8-A84C-DB67A52C3A69}"
EndProject
Project("{FAE04EC0-301F-11D3-BF4B-00C04F79EFBC}") = "Lab1_Ex5_Task1", "Lab1_Ex5_Task1\Lab1_Ex5_Task1.csproj", "{2BED1D86-6246-4C1B-8E3C-FCA62C5851C1}"
EndProject
Project("{FAE04EC0-301F-11D3-BF4B-00C04F79EFBC}") = "Lab1_Ex5_Task2", "Lab1_Ex5_Task2\Lab1_Ex5_Task2.csproj", "{EAE24BD9-2AE9-4FC8-BD49-6F7C896DDE1C}"
EndProject
Project("{FAE04EC0-301F-11D3-BF4B-00C04F79EFBC}") = "Lab1_Ex5_Task3", "Lab1_Ex5_Task3\Lab1_Ex5_Task3.csproj", "{1086F8BA-C888-4A70-BFAB-67721B37206B}"
EndProject
Project("{FAE04EC0-301F-11D3-BF4B-00C04F79EFBC}") = "Lab2_Ex1", "Lab2_Ex1\Lab2_Ex1.csproj", "{C8E00022-107F-4212-90AB-ACE4D943CA84}"
EndProject
Project("{FAE04EC0-301F-11D3-BF4B-00C04F79EFBC}") = "Lab2_Ex2", "Lab2_Ex2\Lab2_Ex2.csproj", "{18E91616-0E00-4450-9374-13CC7DFB980D}"
EndProject
Project("{FAE04EC0-301F-11D3-BF4B-00C04F79EFBC}") = "Lab2_Ex3", "Lab2_Ex3\Lab2_Ex3.csproj", "{9EF97D7B-5F23-4D37-ABBC-647D837ED7D0}"
EndProject
Project("{FAE04EC0-301F-11D3-BF4B-00C04F79EFBC}") = "Lab2_Ex4", "Lab2_Ex4\Lab2_Ex4.csproj", "{FA42DC93-2EAC-4692-B015-6C1B7105AE65}"
EndProject
Project("{FAE04EC0-301F-11D3-BF4B-00C04F79EFBC}") = "Lab2_Ex5", "Lab2_Ex5\Lab2_Ex5.csproj", "{26EF05CF-3178-426F-9D15-7C8A7181718F}"
EndProject
Project("{FAE04EC0-301F-11D3-BF4B-00C04F79EFBC}") = "Lab2_Ex6", "Lab2_Ex6\Lab2_Ex6.csproj", "{93ED7884-7BD8-4473-8169-B7A3D5CB5EDB}"
EndProject
Project("{FAE04EC0-301F-11D3-BF4B-00C04F79EFBC}") = "Lab2_Ex7", "Lab2_Ex7\Lab2_Ex7.csproj", "{5C70BB51-EF72-4BB6-8F14-1F1FE8EB7BB0}"
EndProject
Project("{FAE04EC0-301F-11D3-BF4B-00C04F79EFBC}") = "Lab2_Ex8", "Lab2_Ex8\Lab2_Ex8.csproj", "{D2F510B1-F1C0-4D5A-8BCD-893D999D0B33}"
EndProject
Project("{FAE04EC0-301F-11D3-BF4B-00C04F79EFBC}") = "Lab2_Ex9_Task1", "Lab2_Ex9_Task1\Lab2_Ex9_Task1.csproj", "{E095468E-37F8-4A76-A14E-6C31F3E5C7AC}"
EndProject
Project("{FAE04EC0-301F-11D3-BF4B-00C04F79EFBC}") = "Lab3_Ex1", "Lab3_Ex1\Lab3_Ex1.csproj", "{DF765EF4-2DD3-4004-BB1E-CB026B1F4133}"
EndProject
Project("{FAE04EC0-301F-11D3-BF4B-00C04F79EFBC}") = "Lab3_Ex2", "Lab3_Ex2\Lab3_Ex2.csproj", "{418E5378-6126-440B-B040-BEE0C7B84511}"
EndProject
Project("{FAE04EC0-301F-11D3-BF4B-00C04F79EFBC}") = "Lab3_Ex3", "Lab3_Ex3\Lab3_Ex3.csproj", "{C6EF985B-3CA3-4CCF-BC94-A0F1D5E668A8}"
EndProject
Project("{FAE04EC0-301F-11D3-BF4B-00C04F79EFBC}") = "Lab3_Ex4_Task", "Lab3_Ex4_Task\Lab3_Ex4_Task.csproj", "{B047B91F-F45C-46FC-B7D6-3F7BA422D044}"
EndProject
Project("{FAE04EC0-301F-11D3-BF4B-00C04F79EFBC}") = "Lab4_Ex1", "Lab4_Ex1\Lab4_Ex1.csproj", "{48534DB4-8880-4687-A546-ACF10E97CA75}"
EndProject
Project("{FAE04EC0-301F-11D3-BF4B-00C04F79EFBC}") = "Lab4_Ex2", "Lab4_Ex2\Lab4_Ex2.csproj", "{676B36CD-B0E8-4025-9E28-6749596D0DAC}"
EndProject
Project("{FAE04EC0-301F-11D3-BF4B-00C04F79EFBC}") = "Lab4_Ex3", "Lab4_Ex3\Lab4_Ex3.csproj", "{801BD110-95EE-468B-9F7B-046A683362FD}"
EndProject
Project("{FAE04EC0-301F-11D3-BF4B-00C04F79EFBC}") = "Lab4_Ex4", "Lab4_Ex4\Lab4_Ex4.csproj", "{D19907B0-AABC-49B9-BDB2-7C5BB632ED04}"
EndProject
Project("{FAE04EC0-301F-11D3-BF4B-00C04F79EFBC}") = "Lab4_Ex5_Task", "Lab4_Ex5_Task\Lab4_Ex5_Task.csproj", "{24ECE1F0-0249-49D3-ABD0-78AEEAB5FBA0}"
EndProject
Project("{FAE04EC0-301F-11D3-BF4B-00C04F79EFBC}") = "Lab7_Ex1", "Lab7_Ex1\Lab7_Ex1.csproj", "{6BF2A46D-BFF6-445C-81DB-41887658A20F}"
EndProject
Project("{FAE04EC0-301F-11D3-BF4B-00C04F79EFBC}") = "Lab7_Ex2", "Lab7_Ex2\Lab7_Ex2.csproj", "{4E62A83E-EB73-4ABE-B444-07A09FC54D2A}"
EndProject
Project("{FAE04EC0-301F-11D3-BF4B-00C04F79EFBC}") = "Lab7_Ex3", "Lab7_Ex3\Lab7_Ex3.csproj", "{36D6A1CF-8D48-4429-9849-68BBEAEEBC94}"
EndProject
Project("{FAE04EC0-301F-11D3-BF4B-00C04F79EFBC}") = "Lab7_Ex4", "Lab7_Ex4\Lab7_Ex4.csproj", "{73FF52CA-31B6-4C45-AEAC-BFC7207E7F21}"
EndProject
Project("{FAE04EC0-301F-11D3-BF4B-00C04F79EFBC}") = "Lab7_Ex5_Task", "Lab7_Ex5_Task\Lab7_Ex5_Task.csproj", "{C818DADC-EFE3-419B-AA3A-79FD436E533F}"
EndProject
Project("{2150E333-8FDC-42A3-9474-1A3956D46DE8}") = "Calculator WF", "Calculator WF", "{CD85AC8E-7674-4386-8823-CE2176FC1AAB}"
EndProject
Project("{FAE04EC0-301F-11D3-BF4B-00C04F79EFBC}") = "WindowsCalculator", "Calc_Starter\WindowsCalculator.csproj", "{A2FD2DF4-4FE9-491F-960B-4BFB55A6632F}"
EndProject
Global
	GlobalSection(SolutionConfigurationPlatforms) = preSolution
		Debug|Any CPU = Debug|Any CPU
		Release|Any CPU = Release|Any CPU
	EndGlobalSection
	GlobalSection(ProjectConfigurationPlatforms) = postSolution
		{BDBA2A7B-BA0B-47C0-BCB3-72D7FD0A637B}.Debug|Any CPU.ActiveCfg = Debug|Any CPU
		{BDBA2A7B-BA0B-47C0-BCB3-72D7FD0A637B}.Debug|Any CPU.Build.0 = Debug|Any CPU
		{BDBA2A7B-BA0B-47C0-BCB3-72D7FD0A637B}.Release|Any CPU.ActiveCfg = Release|Any CPU
		{BDBA2A7B-BA0B-47C0-BCB3-72D7FD0A637B}.Release|Any CPU.Build.0 = Release|Any CPU
		{1830B311-7F6D-4FB1-862D-252558F32C16}.Debug|Any CPU.ActiveCfg = Debug|Any CPU
		{1830B311-7F6D-4FB1-862D-252558F32C16}.Debug|Any CPU.Build.0 = Debug|Any CPU
		{1830B311-7F6D-4FB1-862D-252558F32C16}.Release|Any CPU.ActiveCfg = Release|Any CPU
		{1830B311-7F6D-4FB1-862D-252558F32C16}.Release|Any CPU.Build.0 = Release|Any CPU
		{FB7E968A-23E0-48D8-A84C-DB67A52C3A69}.Debug|Any CPU.ActiveCfg = Debug|Any CPU
		{FB7E968A-23E0-48D8-A84C-DB67A52C3A69}.Debug|Any CPU.Build.0 = Debug|Any CPU
		{FB7E968A-23E0-48D8-A84C-DB67A52C3A69}.Release|Any CPU.ActiveCfg = Release|Any CPU
		{FB7E968A-23E0-48D8-A84C-DB67A52C3A69}.Release|Any CPU.Build.0 = Release|Any CPU
		{2BED1D86-6246-4C1B-8E3C-FCA62C5851C1}.Debug|Any CPU.ActiveCfg = Debug|Any CPU
		{2BED1D86-6246-4C1B-8E3C-FCA62C5851C1}.Debug|Any CPU.Build.0 = Debug|Any CPU
		{2BED1D86-6246-4C1B-8E3C-FCA62C5851C1}.Release|Any CPU.ActiveCfg = Release|Any CPU
		{2BED1D86-6246-4C1B-8E3C-FCA62C5851C1}.Release|Any CPU.Build.0 = Release|Any CPU
		{EAE24BD9-2AE9-4FC8-BD49-6F7C896DDE1C}.Debug|Any CPU.ActiveCfg = Debug|Any CPU
		{EAE24BD9-2AE9-4FC8-BD49-6F7C896DDE1C}.Debug|Any CPU.Build.0 = Debug|Any CPU
		{EAE24BD9-2AE9-4FC8-BD49-6F7C896DDE1C}.Release|Any CPU.ActiveCfg = Release|Any CPU
		{EAE24BD9-2AE9-4FC8-BD49-6F7C896DDE1C}.Release|Any CPU.Build.0 = Release|Any CPU
		{1086F8BA-C888-4A70-BFAB-67721B37206B}.Debug|Any CPU.ActiveCfg = Debug|Any CPU
		{1086F8BA-C888-4A70-BFAB-67721B37206B}.Debug|Any CPU.Build.0 = Debug|Any CPU
		{1086F8BA-C888-4A70-BFAB-67721B37206B}.Release|Any CPU.ActiveCfg = Release|Any CPU
		{1086F8BA-C888-4A70-BFAB-67721B37206B}.Release|Any CPU.Build.0 = Release|Any CPU
		{C8E00022-107F-4212-90AB-ACE4D943CA84}.Debug|Any CPU.ActiveCfg = Debug|Any CPU
		{C8E00022-107F-4212-90AB-ACE4D943CA84}.Debug|Any CPU.Build.0 = Debug|Any CPU
		{C8E00022-107F-4212-90AB-ACE4D943CA84}.Release|Any CPU.ActiveCfg = Release|Any CPU
		{C8E00022-107F-4212-90AB-ACE4D943CA84}.Release|Any CPU.Build.0 = Release|Any CPU
		{18E91616-0E00-4450-9374-13CC7DFB980D}.Debug|Any CPU.ActiveCfg = Debug|Any CPU
		{18E91616-0E00-4450-9374-13CC7DFB980D}.Debug|Any CPU.Build.0 = Debug|Any CPU
		{18E91616-0E00-4450-9374-13CC7DFB980D}.Release|Any CPU.ActiveCfg = Release|Any CPU
		{18E91616-0E00-4450-9374-13CC7DFB980D}.Release|Any CPU.Build.0 = Release|Any CPU
		{9EF97D7B-5F23-4D37-ABBC-647D837ED7D0}.Debug|Any CPU.ActiveCfg = Debug|Any CPU
		{9EF97D7B-5F23-4D37-ABBC-647D837ED7D0}.Debug|Any CPU.Build.0 = Debug|Any CPU
		{9EF97D7B-5F23-4D37-ABBC-647D837ED7D0}.Release|Any CPU.ActiveCfg = Release|Any CPU
		{9EF97D7B-5F23-4D37-ABBC-647D837ED7D0}.Release|Any CPU.Build.0 = Release|Any CPU
		{FA42DC93-2EAC-4692-B015-6C1B7105AE65}.Debug|Any CPU.ActiveCfg = Debug|Any CPU
		{FA42DC93-2EAC-4692-B015-6C1B7105AE65}.Debug|Any CPU.Build.0 = Debug|Any CPU
		{FA42DC93-2EAC-4692-B015-6C1B7105AE65}.Release|Any CPU.ActiveCfg = Release|Any CPU
		{FA42DC93-2EAC-4692-B015-6C1B7105AE65}.Release|Any CPU.Build.0 = Release|Any CPU
		{26EF05CF-3178-426F-9D15-7C8A7181718F}.Debug|Any CPU.ActiveCfg = Debug|Any CPU
		{26EF05CF-3178-426F-9D15-7C8A7181718F}.Debug|Any CPU.Build.0 = Debug|Any CPU
		{26EF05CF-3178-426F-9D15-7C8A7181718F}.Release|Any CPU.ActiveCfg = Release|Any CPU
		{26EF05CF-3178-426F-9D15-7C8A7181718F}.Release|Any CPU.Build.0 = Release|Any CPU
		{93ED7884-7BD8-4473-8169-B7A3D5CB5EDB}.Debug|Any CPU.ActiveCfg = Debug|Any CPU
		{93ED7884-7BD8-4473-8169-B7A3D5CB5EDB}.Debug|Any CPU.Build.0 = Debug|Any CPU
		{93ED7884-7BD8-4473-8169-B7A3D5CB5EDB}.Release|Any CPU.ActiveCfg = Release|Any CPU
		{93ED7884-7BD8-4473-8169-B7A3D5CB5EDB}.Release|Any CPU.Build.0 = Release|Any CPU
		{5C70BB51-EF72-4BB6-8F14-1F1FE8EB7BB0}.Debug|Any CPU.ActiveCfg = Debug|Any CPU
		{5C70BB51-EF72-4BB6-8F14-1F1FE8EB7BB0}.Debug|Any CPU.Build.0 = Debug|Any CPU
		{5C70BB51-EF72-4BB6-8F14-1F1FE8EB7BB0}.Release|Any CPU.ActiveCfg = Release|Any CPU
		{5C70BB51-EF72-4BB6-8F14-1F1FE8EB7BB0}.Release|Any CPU.Build.0 = Release|Any CPU
		{D2F510B1-F1C0-4D5A-8BCD-893D999D0B33}.Debug|Any CPU.ActiveCfg = Debug|Any CPU
		{D2F510B1-F1C0-4D5A-8BCD-893D999D0B33}.Debug|Any CPU.Build.0 = Debug|Any CPU
		{D2F510B1-F1C0-4D5A-8BCD-893D999D0B33}.Release|Any CPU.ActiveCfg = Release|Any CPU
		{D2F510B1-F1C0-4D5A-8BCD-893D999D0B33}.Release|Any CPU.Build.0 = Release|Any CPU
		{E095468E-37F8-4A76-A14E-6C31F3E5C7AC}.Debug|Any CPU.ActiveCfg = Debug|Any CPU
		{E095468E-37F8-4A76-A14E-6C31F3E5C7AC}.Debug|Any CPU.Build.0 = Debug|Any CPU
		{E095468E-37F8-4A76-A14E-6C31F3E5C7AC}.Release|Any CPU.ActiveCfg = Release|Any CPU
		{E095468E-37F8-4A76-A14E-6C31F3E5C7AC}.Release|Any CPU.Build.0 = Release|Any CPU
		{DF765EF4-2DD3-4004-BB1E-CB026B1F4133}.Debug|Any CPU.ActiveCfg = Debug|Any CPU
		{DF765EF4-2DD3-4004-BB1E-CB026B1F4133}.Debug|Any CPU.Build.0 = Debug|Any CPU
		{DF765EF4-2DD3-4004-BB1E-CB026B1F4133}.Release|Any CPU.ActiveCfg = Release|Any CPU
		{DF765EF4-2DD3-4004-BB1E-CB026B1F4133}.Release|Any CPU.Build.0 = Release|Any CPU
		{418E5378-6126-440B-B040-BEE0C7B84511}.Debug|Any CPU.ActiveCfg = Debug|Any CPU
		{418E5378-6126-440B-B040-BEE0C7B84511}.Debug|Any CPU.Build.0 = Debug|Any CPU
		{418E5378-6126-440B-B040-BEE0C7B84511}.Release|Any CPU.ActiveCfg = Release|Any CPU
		{418E5378-6126-440B-B040-BEE0C7B84511}.Release|Any CPU.Build.0 = Release|Any CPU
		{C6EF985B-3CA3-4CCF-BC94-A0F1D5E668A8}.Debug|Any CPU.ActiveCfg = Debug|Any CPU
		{C6EF985B-3CA3-4CCF-BC94-A0F1D5E668A8}.Debug|Any CPU.Build.0 = Debug|Any CPU
		{C6EF985B-3CA3-4CCF-BC94-A0F1D5E668A8}.Release|Any CPU.ActiveCfg = Release|Any CPU
		{C6EF985B-3CA3-4CCF-BC94-A0F1D5E668A8}.Release|Any CPU.Build.0 = Release|Any CPU
		{B047B91F-F45C-46FC-B7D6-3F7BA422D044}.Debug|Any CPU.ActiveCfg = Debug|Any CPU
		{B047B91F-F45C-46FC-B7D6-3F7BA422D044}.Debug|Any CPU.Build.0 = Debug|Any CPU
		{B047B91F-F45C-46FC-B7D6-3F7BA422D044}.Release|Any CPU.ActiveCfg = Release|Any CPU
		{B047B91F-F45C-46FC-B7D6-3F7BA422D044}.Release|Any CPU.Build.0 = Release|Any CPU
		{48534DB4-8880-4687-A546-ACF10E97CA75}.Debug|Any CPU.ActiveCfg = Debug|Any CPU
		{48534DB4-8880-4687-A546-ACF10E97CA75}.Debug|Any CPU.Build.0 = Debug|Any CPU
		{48534DB4-8880-4687-A546-ACF10E97CA75}.Release|Any CPU.ActiveCfg = Release|Any CPU
		{48534DB4-8880-4687-A546-ACF10E97CA75}.Release|Any CPU.Build.0 = Release|Any CPU
		{676B36CD-B0E8-4025-9E28-6749596D0DAC}.Debug|Any CPU.ActiveCfg = Debug|Any CPU
		{676B36CD-B0E8-4025-9E28-6749596D0DAC}.Debug|Any CPU.Build.0 = Debug|Any CPU
		{676B36CD-B0E8-4025-9E28-6749596D0DAC}.Release|Any CPU.ActiveCfg = Release|Any CPU
		{676B36CD-B0E8-4025-9E28-6749596D0DAC}.Release|Any CPU.Build.0 = Release|Any CPU
		{801BD110-95EE-468B-9F7B-046A683362FD}.Debug|Any CPU.ActiveCfg = Debug|Any CPU
		{801BD110-95EE-468B-9F7B-046A683362FD}.Debug|Any CPU.Build.0 = Debug|Any CPU
		{801BD110-95EE-468B-9F7B-046A683362FD}.Release|Any CPU.ActiveCfg = Release|Any CPU
		{801BD110-95EE-468B-9F7B-046A683362FD}.Release|Any CPU.Build.0 = Release|Any CPU
		{D19907B0-AABC-49B9-BDB2-7C5BB632ED04}.Debug|Any CPU.ActiveCfg = Debug|Any CPU
		{D19907B0-AABC-49B9-BDB2-7C5BB632ED04}.Debug|Any CPU.Build.0 = Debug|Any CPU
		{D19907B0-AABC-49B9-BDB2-7C5BB632ED04}.Release|Any CPU.ActiveCfg = Release|Any CPU
		{D19907B0-AABC-49B9-BDB2-7C5BB632ED04}.Release|Any CPU.Build.0 = Release|Any CPU
		{24ECE1F0-0249-49D3-ABD0-78AEEAB5FBA0}.Debug|Any CPU.ActiveCfg = Debug|Any CPU
		{24ECE1F0-0249-49D3-ABD0-78AEEAB5FBA0}.Debug|Any CPU.Build.0 = Debug|Any CPU
		{24ECE1F0-0249-49D3-ABD0-78AEEAB5FBA0}.Release|Any CPU.ActiveCfg = Release|Any CPU
		{24ECE1F0-0249-49D3-ABD0-78AEEAB5FBA0}.Release|Any CPU.Build.0 = Release|Any CPU
		{6BF2A46D-BFF6-445C-81DB-41887658A20F}.Debug|Any CPU.ActiveCfg = Debug|Any CPU
		{6BF2A46D-BFF6-445C-81DB-41887658A20F}.Debug|Any CPU.Build.0 = Debug|Any CPU
		{6BF2A46D-BFF6-445C-81DB-41887658A20F}.Release|Any CPU.ActiveCfg = Release|Any CPU
		{6BF2A46D-BFF6-445C-81DB-41887658A20F}.Release|Any CPU.Build.0 = Release|Any CPU
		{4E62A83E-EB73-4ABE-B444-07A09FC54D2A}.Debug|Any CPU.ActiveCfg = Debug|Any CPU
		{4E62A83E-EB73-4ABE-B444-07A09FC54D2A}.Debug|Any CPU.Build.0 = Debug|Any CPU
		{4E62A83E-EB73-4ABE-B444-07A09FC54D2A}.Release|Any CPU.ActiveCfg = Release|Any CPU
		{4E62A83E-EB73-4ABE-B444-07A09FC54D2A}.Release|Any CPU.Build.0 = Release|Any CPU
		{36D6A1CF-8D48-4429-9849-68BBEAEEBC94}.Debug|Any CPU.ActiveCfg = Debug|Any CPU
		{36D6A1CF-8D48-4429-9849-68BBEAEEBC94}.Debug|Any CPU.Build.0 = Debug|Any CPU
		{36D6A1CF-8D48-4429-9849-68BBEAEEBC94}.Release|Any CPU.ActiveCfg = Release|Any CPU
		{36D6A1CF-8D48-4429-9849-68BBEAEEBC94}.Release|Any CPU.Build.0 = Release|Any CPU
		{73FF52CA-31B6-4C45-AEAC-BFC7207E7F21}.Debug|Any CPU.ActiveCfg = Debug|Any CPU
		{73FF52CA-31B6-4C45-AEAC-BFC7207E7F21}.Debug|Any CPU.Build.0 = Debug|Any CPU
		{73FF52CA-31B6-4C45-AEAC-BFC7207E7F21}.Release|Any CPU.ActiveCfg = Release|Any CPU
		{73FF52CA-31B6-4C45-AEAC-BFC7207E7F21}.Release|Any CPU.Build.0 = Release|Any CPU
		{C818DADC-EFE3-419B-AA3A-79FD436E533F}.Debug|Any CPU.ActiveCfg = Debug|Any CPU
		{C818DADC-EFE3-419B-AA3A-79FD436E533F}.Debug|Any CPU.Build.0 = Debug|Any CPU
		{C818DADC-EFE3-419B-AA3A-79FD436E533F}.Release|Any CPU.ActiveCfg = Release|Any CPU
		{C818DADC-EFE3-419B-AA3A-79FD436E533F}.Release|Any CPU.Build.0 = Release|Any CPU
		{A2FD2DF4-4FE9-491F-960B-4BFB55A6632F}.Debug|Any CPU.ActiveCfg = Debug|Any CPU
		{A2FD2DF4-4FE9-491F-960B-4BFB55A6632F}.Debug|Any CPU.Build.0 = Debug|Any CPU
		{A2FD2DF4-4FE9-491F-960B-4BFB55A6632F}.Release|Any CPU.ActiveCfg = Release|Any CPU
		{A2FD2DF4-4FE9-491F-960B-4BFB55A6632F}.Release|Any CPU.Build.0 = Release|Any CPU
	EndGlobalSection
	GlobalSection(SolutionProperties) = preSolution
		HideSolutionNode = FALSE
	EndGlobalSection
	GlobalSection(NestedProjects) = preSolution
		{A2FD2DF4-4FE9-491F-960B-4BFB55A6632F} = {CD85AC8E-7674-4386-8823-CE2176FC1AAB}
	EndGlobalSection
	GlobalSection(ExtensibilityGlobals) = postSolution
		SolutionGuid = {5942848C-1C2E-467E-AAB3-6444B43AAC28}
	EndGlobalSection
EndGlobal
